
Microsoft Visual Studio Solution File, Format Version 12.00
# Visual Studio Version 17
VisualStudioVersion = 17.14.36414.22 d17.14
MinimumVisualStudioVersion = 10.0.40219.1
Project("{FAE04EC0-301F-11D3-BF4B-00C04F79EFBC}") = "WebApplication1", "WebApplication1\WebApplication1.csproj", "{B3C02B7C-7F5B-40D4-A75F-26864E6349F2}"
EndProject
Global
	GlobalSection(SolutionConfigurationPlatforms) = preSolution
		Debug|Any CPU = Debug|Any CPU
		Release|Any CPU = Release|Any CPU
	EndGlobalSection
	GlobalSection(ProjectConfigurationPlatforms) = postSolution
		{B3C02B7C-7F5B-40D4-A75F-26864E6349F2}.Debug|Any CPU.ActiveCfg = Debug|Any CPU
		{B3C02B7C-7F5B-40D4-A75F-26864E6349F2}.Debug|Any CPU.Build.0 = Debug|Any CPU
		{B3C02B7C-7F5B-40D4-A75F-26864E6349F2}.Release|Any CPU.ActiveCfg = Release|Any CPU
		{B3C02B7C-7F5B-40D4-A75F-26864E6349F2}.Release|Any CPU.Build.0 = Release|Any CPU
	EndGlobalSection
	GlobalSection(SolutionProperties) = preSolution
		HideSolutionNode = FALSE
	EndGlobalSection
	GlobalSection(ExtensibilityGlobals) = postSolution
		SolutionGuid = {CFC9005D-E7A1-4898-A5CD-0D17F363F801}
	EndGlobalSection
EndGlobal
